// !$*UTF8*$!
{
	archiveVersion = 1;
	classes = {
	};
	objectVersion = 46;
	objects = {

/* Begin PBXBuildFile section */
		00C1ADED1EB9871A001059FB /* main.m in Sources */ = {isa = PBXBuildFile; fileRef = 00C1ADEC1EB9871A001059FB /* main.m */; };
		00C1ADF01EB9871A001059FB /* AppDelegate.m in Sources */ = {isa = PBXBuildFile; fileRef = 00C1ADEF1EB9871A001059FB /* AppDelegate.m */; };
		00C1ADF31EB9871A001059FB /* ViewController.m in Sources */ = {isa = PBXBuildFile; fileRef = 00C1ADF21EB9871A001059FB /* ViewController.m */; };
		00C1ADF61EB9871A001059FB /* Main.storyboard in Resources */ = {isa = PBXBuildFile; fileRef = 00C1ADF41EB9871A001059FB /* Main.storyboard */; };
		00C1ADF81EB9871A001059FB /* Assets.xcassets in Resources */ = {isa = PBXBuildFile; fileRef = 00C1ADF71EB9871A001059FB /* Assets.xcassets */; };
		00C1ADFB1EB9871A001059FB /* LaunchScreen.storyboard in Resources */ = {isa = PBXBuildFile; fileRef = 00C1ADF91EB9871A001059FB /* LaunchScreen.storyboard */; };
		00C1AE041EB9A958001059FB /* People.m in Sources */ = {isa = PBXBuildFile; fileRef = 00C1AE031EB9A958001059FB /* People.m */; };
		00C1AE071EB9D79F001059FB /* CustomButton.m in Sources */ = {isa = PBXBuildFile; fileRef = 00C1AE061EB9D79F001059FB /* CustomButton.m */; };
		2DF612332269606A001CD387 /* KsIMSDK.bundle in Resources */ = {isa = PBXBuildFile; fileRef = 2DF6123122696069001CD387 /* KsIMSDK.bundle */; };
		2DF612342269606A001CD387 /* KsIMSDK.framework in Frameworks */ = {isa = PBXBuildFile; fileRef = 2DF612322269606A001CD387 /* KsIMSDK.framework */; };
		2DF61240226962DB001CD387 /* libsqlite3.tbd in Frameworks */ = {isa = PBXBuildFile; fileRef = 2DF6123F226962DB001CD387 /* libsqlite3.tbd */; };
		2DF61242226962E3001CD387 /* libxml2.tbd in Frameworks */ = {isa = PBXBuildFile; fileRef = 2DF61241226962E3001CD387 /* libxml2.tbd */; };
/* End PBXBuildFile section */

/* Begin PBXFileReference section */
		00C1ADE81EB9871A001059FB /* Block.app */ = {isa = PBXFileReference; explicitFileType = wrapper.application; includeInIndex = 0; path = Block.app; sourceTree = BUILT_PRODUCTS_DIR; };
		00C1ADEC1EB9871A001059FB /* main.m */ = {isa = PBXFileReference; lastKnownFileType = sourcecode.c.objc; path = main.m; sourceTree = "<group>"; };
		00C1ADEE1EB9871A001059FB /* AppDelegate.h */ = {isa = PBXFileReference; lastKnownFileType = sourcecode.c.h; path = AppDelegate.h; sourceTree = "<group>"; };
		00C1ADEF1EB9871A001059FB /* AppDelegate.m */ = {isa = PBXFileReference; lastKnownFileType = sourcecode.c.objc; path = AppDelegate.m; sourceTree = "<group>"; };
		00C1ADF11EB9871A001059FB /* ViewController.h */ = {isa = PBXFileReference; lastKnownFileType = sourcecode.c.h; path = ViewController.h; sourceTree = "<group>"; };
		00C1ADF21EB9871A001059FB /* ViewController.m */ = {isa = PBXFileReference; lastKnownFileType = sourcecode.c.objc; path = ViewController.m; sourceTree = "<group>"; };
		00C1ADF51EB9871A001059FB /* Base */ = {isa = PBXFileReference; lastKnownFileType = file.storyboard; name = Base; path = Base.lproj/Main.storyboard; sourceTree = "<group>"; };
		00C1ADF71EB9871A001059FB /* Assets.xcassets */ = {isa = PBXFileReference; lastKnownFileType = folder.assetcatalog; path = Assets.xcassets; sourceTree = "<group>"; };
		00C1ADFA1EB9871A001059FB /* Base */ = {isa = PBXFileReference; lastKnownFileType = file.storyboard; name = Base; path = Base.lproj/LaunchScreen.storyboard; sourceTree = "<group>"; };
		00C1ADFC1EB9871A001059FB /* Info.plist */ = {isa = PBXFileReference; lastKnownFileType = text.plist.xml; path = Info.plist; sourceTree = "<group>"; };
		00C1AE021EB9A957001059FB /* People.h */ = {isa = PBXFileReference; fileEncoding = 4; lastKnownFileType = sourcecode.c.h; path = People.h; sourceTree = "<group>"; };
		00C1AE031EB9A958001059FB /* People.m */ = {isa = PBXFileReference; fileEncoding = 4; lastKnownFileType = sourcecode.c.objc; path = People.m; sourceTree = "<group>"; };
		00C1AE051EB9D79F001059FB /* CustomButton.h */ = {isa = PBXFileReference; fileEncoding = 4; lastKnownFileType = sourcecode.c.h; path = CustomButton.h; sourceTree = "<group>"; };
		00C1AE061EB9D79F001059FB /* CustomButton.m */ = {isa = PBXFileReference; fileEncoding = 4; lastKnownFileType = sourcecode.c.objc; path = CustomButton.m; sourceTree = "<group>"; };
		2DF6123122696069001CD387 /* KsIMSDK.bundle */ = {isa = PBXFileReference; lastKnownFileType = "wrapper.plug-in"; path = KsIMSDK.bundle; sourceTree = "<group>"; };
		2DF612322269606A001CD387 /* KsIMSDK.framework */ = {isa = PBXFileReference; lastKnownFileType = wrapper.framework; path = KsIMSDK.framework; sourceTree = "<group>"; };
		2DF6123622696086001CD387 /* libxml2.2.tbd */ = {isa = PBXFileReference; lastKnownFileType = "sourcecode.text-based-dylib-definition"; name = libxml2.2.tbd; path = usr/lib/libxml2.2.tbd; sourceTree = SDKROOT; };
		2DF6123822696090001CD387 /* libsqlite3.0.tbd */ = {isa = PBXFileReference; lastKnownFileType = "sourcecode.text-based-dylib-definition"; name = libsqlite3.0.tbd; path = usr/lib/libsqlite3.0.tbd; sourceTree = SDKROOT; };
		2DF6123F226962DB001CD387 /* libsqlite3.tbd */ = {isa = PBXFileReference; lastKnownFileType = "sourcecode.text-based-dylib-definition"; name = libsqlite3.tbd; path = usr/lib/libsqlite3.tbd; sourceTree = SDKROOT; };
		2DF61241226962E3001CD387 /* libxml2.tbd */ = {isa = PBXFileReference; lastKnownFileType = "sourcecode.text-based-dylib-definition"; name = libxml2.tbd; path = usr/lib/libxml2.tbd; sourceTree = SDKROOT; };
/* End PBXFileReference section */

/* Begin PBXFrameworksBuildPhase section */
		00C1ADE51EB9871A001059FB /* Frameworks */ = {
			isa = PBXFrameworksBuildPhase;
			buildActionMask = 2147483647;
			files = (
				2DF61242226962E3001CD387 /* libxml2.tbd in Frameworks */,
				2DF61240226962DB001CD387 /* libsqlite3.tbd in Frameworks */,
				2DF612342269606A001CD387 /* KsIMSDK.framework in Frameworks */,
			);
			runOnlyForDeploymentPostprocessing = 0;
		};
/* End PBXFrameworksBuildPhase section */

/* Begin PBXGroup section */
		00C1ADDF1EB9871A001059FB = {
			isa = PBXGroup;
			children = (
				00C1ADEA1EB9871A001059FB /* Block */,
				00C1ADE91EB9871A001059FB /* Products */,
				2DF6123522696086001CD387 /* Frameworks */,
			);
			sourceTree = "<group>";
		};
		00C1ADE91EB9871A001059FB /* Products */ = {
			isa = PBXGroup;
			children = (
				00C1ADE81EB9871A001059FB /* Block.app */,
			);
			name = Products;
			sourceTree = "<group>";
		};
		00C1ADEA1EB9871A001059FB /* Block */ = {
			isa = PBXGroup;
			children = (
				2DF6123122696069001CD387 /* KsIMSDK.bundle */,
				2DF612322269606A001CD387 /* KsIMSDK.framework */,
				00C1ADEE1EB9871A001059FB /* AppDelegate.h */,
				00C1ADEF1EB9871A001059FB /* AppDelegate.m */,
				00C1ADF11EB9871A001059FB /* ViewController.h */,
				00C1ADF21EB9871A001059FB /* ViewController.m */,
				00C1AE051EB9D79F001059FB /* CustomButton.h */,
				00C1AE061EB9D79F001059FB /* CustomButton.m */,
				00C1AE021EB9A957001059FB /* People.h */,
				00C1AE031EB9A958001059FB /* People.m */,
				00C1ADF41EB9871A001059FB /* Main.storyboard */,
				00C1ADF71EB9871A001059FB /* Assets.xcassets */,
				00C1ADF91EB9871A001059FB /* LaunchScreen.storyboard */,
				00C1ADFC1EB9871A001059FB /* Info.plist */,
				00C1ADEB1EB9871A001059FB /* Supporting Files */,
			);
			path = Block;
			sourceTree = "<group>";
		};
		00C1ADEB1EB9871A001059FB /* Supporting Files */ = {
			isa = PBXGroup;
			children = (
				00C1ADEC1EB9871A001059FB /* main.m */,
			);
			name = "Supporting Files";
			sourceTree = "<group>";
		};
		2DF6123522696086001CD387 /* Frameworks */ = {
			isa = PBXGroup;
			children = (
				2DF61241226962E3001CD387 /* libxml2.tbd */,
				2DF6123F226962DB001CD387 /* libsqlite3.tbd */,
				2DF6123822696090001CD387 /* libsqlite3.0.tbd */,
				2DF6123622696086001CD387 /* libxml2.2.tbd */,
			);
			name = Frameworks;
			sourceTree = "<group>";
		};
/* End PBXGroup section */

/* Begin PBXNativeTarget section */
		00C1ADE71EB9871A001059FB /* Block */ = {
			isa = PBXNativeTarget;
			buildConfigurationList = 00C1ADFF1EB9871A001059FB /* Build configuration list for PBXNativeTarget "Block" */;
			buildPhases = (
				00C1ADE41EB9871A001059FB /* Sources */,
				00C1ADE51EB9871A001059FB /* Frameworks */,
				00C1ADE61EB9871A001059FB /* Resources */,
			);
			buildRules = (
			);
			dependencies = (
			);
			name = Block;
			productName = Block;
			productReference = 00C1ADE81EB9871A001059FB /* Block.app */;
			productType = "com.apple.product-type.application";
		};
/* End PBXNativeTarget section */

/* Begin PBXProject section */
		00C1ADE01EB9871A001059FB /* Project object */ = {
			isa = PBXProject;
			attributes = {
				LastUpgradeCheck = 0820;
				ORGANIZATIONNAME = wuxuzhao;
				TargetAttributes = {
					00C1ADE71EB9871A001059FB = {
						CreatedOnToolsVersion = 8.2;
						DevelopmentTeam = 38T2E65NPU;
						ProvisioningStyle = Automatic;
					};
				};
			};
			buildConfigurationList = 00C1ADE31EB9871A001059FB /* Build configuration list for PBXProject "Block" */;
			compatibilityVersion = "Xcode 3.2";
			developmentRegion = English;
			hasScannedForEncodings = 0;
			knownRegions = (
				en,
				Base,
			);
			mainGroup = 00C1ADDF1EB9871A001059FB;
			productRefGroup = 00C1ADE91EB9871A001059FB /* Products */;
			projectDirPath = "";
			projectRoot = "";
			targets = (
				00C1ADE71EB9871A001059FB /* Block */,
			);
		};
/* End PBXProject section */

/* Begin PBXResourcesBuildPhase section */
		00C1ADE61EB9871A001059FB /* Resources */ = {
			isa = PBXResourcesBuildPhase;
			buildActionMask = 2147483647;
			files = (
				2DF612332269606A001CD387 /* KsIMSDK.bundle in Resources */,
				00C1ADFB1EB9871A001059FB /* LaunchScreen.storyboard in Resources */,
				00C1ADF81EB9871A001059FB /* Assets.xcassets in Resources */,
				00C1ADF61EB9871A001059FB /* Main.storyboard in Resources */,
			);
			runOnlyForDeploymentPostprocessing = 0;
		};
/* End PBXResourcesBuildPhase section */

/* Begin PBXSourcesBuildPhase section */
		00C1ADE41EB9871A001059FB /* Sources */ = {
			isa = PBXSourcesBuildPhase;
			buildActionMask = 2147483647;
			files = (
				00C1AE041EB9A958001059FB /* People.m in Sources */,
				00C1AE071EB9D79F001059FB /* CustomButton.m in Sources */,
				00C1ADF31EB9871A001059FB /* ViewController.m in Sources */,
				00C1ADF01EB9871A001059FB /* AppDelegate.m in Sources */,
				00C1ADED1EB9871A001059FB /* main.m in Sources */,
			);
			runOnlyForDeploymentPostprocessing = 0;
		};
/* End PBXSourcesBuildPhase section */

/* Begin PBXVariantGroup section */
		00C1ADF41EB9871A001059FB /* Main.storyboard */ = {
			isa = PBXVariantGroup;
			children = (
				00C1ADF51EB9871A001059FB /* Base */,
			);
			name = Main.storyboard;
			sourceTree = "<group>";
		};
		00C1ADF91EB9871A001059FB /* LaunchScreen.storyboard */ = {
			isa = PBXVariantGroup;
			children = (
				00C1ADFA1EB9871A001059FB /* Base */,
			);
			name = LaunchScreen.storyboard;
			sourceTree = "<group>";
		};
/* End PBXVariantGroup section */

/* Begin XCBuildConfiguration section */
		00C1ADFD1EB9871A001059FB /* Debug */ = {
			isa = XCBuildConfiguration;
			buildSettings = {
				ALWAYS_SEARCH_USER_PATHS = NO;
				CLANG_ANALYZER_NONNULL = YES;
				CLANG_CXX_LANGUAGE_STANDARD = "gnu++0x";
				CLANG_CXX_LIBRARY = "libc++";
				CLANG_ENABLE_MODULES = YES;
				CLANG_ENABLE_OBJC_ARC = YES;
				CLANG_WARN_BOOL_CONVERSION = YES;
				CLANG_WARN_CONSTANT_CONVERSION = YES;
				CLANG_WARN_DIRECT_OBJC_ISA_USAGE = YES_ERROR;
				CLANG_WARN_DOCUMENTATION_COMMENTS = YES;
				CLANG_WARN_EMPTY_BODY = YES;
				CLANG_WARN_ENUM_CONVERSION = YES;
				CLANG_WARN_INFINITE_RECURSION = YES;
				CLANG_WARN_INT_CONVERSION = YES;
				CLANG_WARN_OBJC_ROOT_CLASS = YES_ERROR;
				CLANG_WARN_SUSPICIOUS_MOVE = YES;
				CLANG_WARN_UNREACHABLE_CODE = YES;
				CLANG_WARN__DUPLICATE_METHOD_MATCH = YES;
				"CODE_SIGN_IDENTITY[sdk=iphoneos*]" = "iPhone Developer";
				COPY_PHASE_STRIP = NO;
				DEBUG_INFORMATION_FORMAT = dwarf;
				ENABLE_STRICT_OBJC_MSGSEND = YES;
				ENABLE_TESTABILITY = YES;
				GCC_C_LANGUAGE_STANDARD = gnu99;
				GCC_DYNAMIC_NO_PIC = NO;
				GCC_NO_COMMON_BLOCKS = YES;
				GCC_OPTIMIZATION_LEVEL = 0;
				GCC_PREPROCESSOR_DEFINITIONS = (
					"DEBUG=1",
					"$(inherited)",
				);
				GCC_WARN_64_TO_32_BIT_CONVERSION = YES;
				GCC_WARN_ABOUT_RETURN_TYPE = YES_ERROR;
				GCC_WARN_UNDECLARED_SELECTOR = YES;
				GCC_WARN_UNINITIALIZED_AUTOS = YES_AGGRESSIVE;
				GCC_WARN_UNUSED_FUNCTION = YES;
				GCC_WARN_UNUSED_VARIABLE = YES;
				IPHONEOS_DEPLOYMENT_TARGET = 10.2;
				MTL_ENABLE_DEBUG_INFO = YES;
				ONLY_ACTIVE_ARCH = YES;
				SDKROOT = iphoneos;
			};
			name = Debug;
		};
		00C1ADFE1EB9871A001059FB /* Release */ = {
			isa = XCBuildConfiguration;
			buildSettings = {
				ALWAYS_SEARCH_USER_PATHS = NO;
				CLANG_ANALYZER_NONNULL = YES;
				CLANG_CXX_LANGUAGE_STANDARD = "gnu++0x";
				CLANG_CXX_LIBRARY = "libc++";
				CLANG_ENABLE_MODULES = YES;
				CLANG_ENABLE_OBJC_ARC = YES;
				CLANG_WARN_BOOL_CONVERSION = YES;
				CLANG_WARN_CONSTANT_CONVERSION = YES;
				CLANG_WARN_DIRECT_OBJC_ISA_USAGE = YES_ERROR;
				CLANG_WARN_DOCUMENTATION_COMMENTS = YES;
				CLANG_WARN_EMPTY_BODY = YES;
				CLANG_WARN_ENUM_CONVERSION = YES;
				CLANG_WARN_INFINITE_RECURSION = YES;
				CLANG_WARN_INT_CONVERSION = YES;
				CLANG_WARN_OBJC_ROOT_CLASS = YES_ERROR;
				CLANG_WARN_SUSPICIOUS_MOVE = YES;
				CLANG_WARN_UNREACHABLE_CODE = YES;
				CLANG_WARN__DUPLICATE_METHOD_MATCH = YES;
				"CODE_SIGN_IDENTITY[sdk=iphoneos*]" = "iPhone Developer";
				COPY_PHASE_STRIP = NO;
				DEBUG_INFORMATION_FORMAT = "dwarf-with-dsym";
				ENABLE_NS_ASSERTIONS = NO;
				ENABLE_STRICT_OBJC_MSGSEND = YES;
				GCC_C_LANGUAGE_STANDARD = gnu99;
				GCC_NO_COMMON_BLOCKS = YES;
				GCC_WARN_64_TO_32_BIT_CONVERSION = YES;
				GCC_WARN_ABOUT_RETURN_TYPE = YES_ERROR;
				GCC_WARN_UNDECLARED_SELECTOR = YES;
				GCC_WARN_UNINITIALIZED_AUTOS = YES_AGGRESSIVE;
				GCC_WARN_UNUSED_FUNCTION = YES;
				GCC_WARN_UNUSED_VARIABLE = YES;
				IPHONEOS_DEPLOYMENT_TARGET = 10.2;
				MTL_ENABLE_DEBUG_INFO = NO;
				SDKROOT = iphoneos;
				VALIDATE_PRODUCT = YES;
			};
			name = Release;
		};
		00C1AE001EB9871A001059FB /* Debug */ = {
			isa = XCBuildConfiguration;
			buildSettings = {
				ASSETCATALOG_COMPILER_APPICON_NAME = AppIcon;
				DEVELOPMENT_TEAM = 38T2E65NPU;
				FRAMEWORK_SEARCH_PATHS = (
					"$(inherited)",
					"$(PROJECT_DIR)/Block",
				);
				INFOPLIST_FILE = Block/Info.plist;
				LD_RUNPATH_SEARCH_PATHS = "$(inherited) @executable_path/Frameworks";
				OTHER_LDFLAGS = "-ObjC";
				PRODUCT_BUNDLE_IDENTIFIER = com.boomsense.test.Block;
				PRODUCT_NAME = "$(TARGET_NAME)";
			};
			name = Debug;
		};
		00C1AE011EB9871A001059FB /* Release */ = {
			isa = XCBuildConfiguration;
			buildSettings = {
				ASSETCATALOG_COMPILER_APPICON_NAME = AppIcon;
				DEVELOPMENT_TEAM = 38T2E65NPU;
				FRAMEWORK_SEARCH_PATHS = (
					"$(inherited)",
					"$(PROJECT_DIR)/Block",
				);
				INFOPLIST_FILE = Block/Info.plist;
				LD_RUNPATH_SEARCH_PATHS = "$(inherited) @executable_path/Frameworks";
				OTHER_LDFLAGS = "-ObjC";
				PRODUCT_BUNDLE_IDENTIFIER = com.boomsense.test.Block;
				PRODUCT_NAME = "$(TARGET_NAME)";
			};
			name = Release;
		};
/* End XCBuildConfiguration section */

/* Begin XCConfigurationList section */
		00C1ADE31EB9871A001059FB /* Build configuration list for PBXProject "Block" */ = {
			isa = XCConfigurationList;
			buildConfigurations = (
				00C1ADFD1EB9871A001059FB /* Debug */,
				00C1ADFE1EB9871A001059FB /* Release */,
			);
			defaultConfigurationIsVisible = 0;
			defaultConfigurationName = Release;
		};
		00C1ADFF1EB9871A001059FB /* Build configuration list for PBXNativeTarget "Block" */ = {
			isa = XCConfigurationList;
			buildConfigurations = (
				00C1AE001EB9871A001059FB /* Debug */,
				00C1AE011EB9871A001059FB /* Release */,
			);
			defaultConfigurationIsVisible = 0;
			defaultConfigurationName = Release;
		};
/* End XCConfigurationList section */
	};
	rootObject = 00C1ADE01EB9871A001059FB /* Project object */;
}
